
Microsoft Visual Studio Solution File, Format Version 12.00
# Visual Studio Version 17
VisualStudioVersion = 17.14.37314.3
MinimumVisualStudioVersion = 10.0.40219.1
Project("{FAE04EC0-301F-11D3-BF4B-00C04F79EFBC}") = "Cavex.Principal.API", "Cavex.Principal.API.csproj", "{912D441E-F0AB-495B-938D-8325F55273EA}"
EndProject
Project("{FAE04EC0-301F-11D3-BF4B-00C04F79EFBC}") = "Cavex.Principal.Core", "Cavex.Principal.Core\Cavex.Principal.Core.csproj", "{829CE189-7CEB-499F-8296-B9D04E9F4B0A}"
EndProject
Global
	GlobalSection(SolutionConfigurationPlatforms) = preSolution
		Debug|Any CPU = Debug|Any CPU
		Release|Any CPU = Release|Any CPU
	EndGlobalSection
	GlobalSection(ProjectConfigurationPlatforms) = postSolution
		{912D441E-F0AB-495B-938D-8325F55273EA}.Debug|Any CPU.ActiveCfg = Debug|Any CPU
		{912D441E-F0AB-495B-938D-8325F55273EA}.Debug|Any CPU.Build.0 = Debug|Any CPU
		{912D441E-F0AB-495B-938D-8325F55273EA}.Release|Any CPU.ActiveCfg = Release|Any CPU
		{912D441E-F0AB-495B-938D-8325F55273EA}.Release|Any CPU.Build.0 = Release|Any CPU
		{829CE189-7CEB-499F-8296-B9D04E9F4B0A}.Debug|Any CPU.ActiveCfg = Debug|Any CPU
		{829CE189-7CEB-499F-8296-B9D04E9F4B0A}.Debug|Any CPU.Build.0 = Debug|Any CPU
		{829CE189-7CEB-499F-8296-B9D04E9F4B0A}.Release|Any CPU.ActiveCfg = Release|Any CPU
		{829CE189-7CEB-499F-8296-B9D04E9F4B0A}.Release|Any CPU.Build.0 = Release|Any CPU
	EndGlobalSection
	GlobalSection(SolutionProperties) = preSolution
		HideSolutionNode = FALSE
	EndGlobalSection
	GlobalSection(ExtensibilityGlobals) = postSolution
		SolutionGuid = {0242BD45-1BB5-480A-90F9-CEF4E877C9AD}
	EndGlobalSection
EndGlobal
